{
  "version": 4,
  "terraform_version": "1.6.5",
  "serial": 53,
  "lineage": "49f7f5d6-3971-2fcd-b0ce-8016bcefbb99",
  "outputs": {
    "cluster_endpoint": {
      "value": "https://6A55EF833DF1C4F57A30B06088D48F3B.yl4.ap-southeast-1.eks.amazonaws.com",
      "type": "string"
    },
    "cluster_id": {
      "value": "module-eks-LbjRg",
      "type": "string"
    },
    "cluster_name": {
      "value": "module-eks-LbjRg",
      "type": "string"
    }
  },
  "resources": [
    {
      "mode": "data",
      "type": "aws_eks_cluster",
      "name": "cluster",
      "provider": "provider[\"registry.terraform.io/hashicorp/aws\"]",
      "instances": [
        {
          "schema_version": 0,
          "attributes": {
            "access_config": [
              {
                "authentication_mode": "CONFIG_MAP"
              }
            ],
            "arn": "arn:aws:eks:ap-southeast-1:730335331351:cluster/module-eks-LbjRg",
            "certificate_authority": [
              {
                "data": "LS0tLS1CRUdJTiBDRVJUSUZJQ0FURS0tLS0tCk1JSURCVENDQWUyZ0F3SUJBZ0lJUFZqVldCZ2JkMjB3RFFZSktvWklodmNOQVFFTEJRQXdGVEVUTUJFR0ExVUUKQXhNS2EzVmlaWEp1WlhSbGN6QWVGdzB5TkRBek1EY3dOVFF4TkRkYUZ3MHpOREF6TURVd05UUTJORGRhTUJVeApFekFSQmdOVkJBTVRDbXQxWW1WeWJtVjBaWE13Z2dFaU1BMEdDU3FHU0liM0RRRUJBUVVBQTRJQkR3QXdnZ0VLCkFvSUJBUURLV2Izcm9lcStYRFJmbTh5L1ZRRUpvSDJ5d3ZmYVcxR3JibXkzdmN6anhJRG1vTXFHc2didWUyTVcKa3hmZlhsbElXY29aUzlMeE1Ia0RxNXFkZ0VYeWhrSUU2QW91S0YvK3VMZ0R2d0k5cjNpRlh5T0sxQVdvMTMxawo4WVhGVVhyWWQxbWJYdUZHT3dpb29LS1ozQUV3WWZXdHViTmtQcEVLNW1HTVU2eTBMRDAxSkNQQ2JZM1QxaWt2CjZkdTAzTU9Xd1czNEhUVHByaWMwS3F2dWc5NjBCd3h5MlN6VkRJN3Z6L1BhYXVvMW9INDJ4eTVwSXZUR1NwTUUKYWFnQ3lOL21yMUF2ZmpUK3k5U25pTzBYMkwzYmlra3ZEeWhHT3VmbWlZUjV3cFNiWTgwdGR4czlCMGVWQWNnVApKWUdSNnZLZUI0S2pQcnRSQ201TDZBWUxBS1NyQWdNQkFBR2pXVEJYTUE0R0ExVWREd0VCL3dRRUF3SUNwREFQCkJnTlZIUk1CQWY4RUJUQURBUUgvTUIwR0ExVWREZ1FXQkJTZVE1aDRzcXZqSDZlMlEwcW8zVUoxa1lCbm96QVYKQmdOVkhSRUVEakFNZ2dwcmRXSmxjbTVsZEdWek1BMEdDU3FHU0liM0RRRUJDd1VBQTRJQkFRQzJVb2xHKzdSZgpiUTlnN3VVT0hDNEd4NWxOOExKOVhValFXSFJlbklJR2FkK2N0L01PU2F0YklkNDFIZWY0RllvMmlaZzdROXpzCjFOY1ZaWFgyOVJRejJOT0lsbzYvYU1pMFdKd2JLTFF4K0ZmU1hWM1k1WU5DbXMybE1EVEFtREtMcWhnM3pCTTIKbHN2bTFTa204dURiTEZYM2hJdDlkVW56UVZtQTR2N0hubVBhWk9NL25wNjRxQjhDbjBEZ2ZuK2REc2VhRnY2TAp1c3pTdG9tT3VrMnZpWEROYytyNk8wQ1lTWDl4WVBSV25Fam5uaEthVEI2SmxCZVFaWWcwR3FYRFcwZ2FDNFlBCmVrOTlLZElkZ0x6ZUdnelZUSUl2WUo5WHJxTVpqbS9BMi9odWlxb3hPYmt2SDVSTU5XSUVHYVEvWForeXI2NzcKU0d4b0F3a3ROSXlHCi0tLS0tRU5EIENFUlRJRklDQVRFLS0tLS0K"
              }
            ],
            "cluster_id": null,
            "created_at": "2024-03-07 05:42:12.592 +0000 UTC",
            "enabled_cluster_log_types": [],
            "endpoint": "https://6A55EF833DF1C4F57A30B06088D48F3B.yl4.ap-southeast-1.eks.amazonaws.com",
            "id": "module-eks-LbjRg",
            "identity": [
              {
                "oidc": [
                  {
                    "issuer": "https://oidc.eks.ap-southeast-1.amazonaws.com/id/6A55EF833DF1C4F57A30B06088D48F3B"
                  }
                ]
              }
            ],
            "kubernetes_network_config": [
              {
                "ip_family": "ipv4",
                "service_ipv4_cidr": "172.20.0.0/16",
                "service_ipv6_cidr": ""
              }
            ],
            "name": "module-eks-LbjRg",
            "outpost_config": [],
            "platform_version": "eks.3",
            "role_arn": "arn:aws:iam::730335331351:role/eks-cluster-cloudquicklabs",
            "status": "ACTIVE",
            "tags": {},
            "version": "1.29",
            "vpc_config": [
              {
                "cluster_security_group_id": "sg-020c432de01b3a957",
                "endpoint_private_access": false,
                "endpoint_public_access": true,
                "public_access_cidrs": [
                  "0.0.0.0/0"
                ],
                "security_group_ids": [
                  "sg-0554c12bcecc34a60"
                ],
                "subnet_ids": [
                  "subnet-01ca9615125d94696",
                  "subnet-05ba6333ce2d31d74"
                ],
                "vpc_id": "vpc-05835fa5d6e49a4b1"
              }
            ]
          },
          "sensitive_attributes": []
        }
      ]
    },
    {
      "mode": "data",
      "type": "aws_eks_cluster_auth",
      "name": "cluster",
      "provider": "provider[\"registry.terraform.io/hashicorp/aws\"]",
      "instances": [
        {
          "schema_version": 0,
          "attributes": {
            "id": "module-eks-LbjRg",
            "name": "module-eks-LbjRg",
            "token": "k8s-aws-v1.aHR0cHM6Ly9zdHMuYXAtc291dGhlYXN0LTEuYW1hem9uYXdzLmNvbS8_QWN0aW9uPUdldENhbGxlcklkZW50aXR5JlZlcnNpb249MjAxMS0wNi0xNSZYLUFtei1BbGdvcml0aG09QVdTNC1ITUFDLVNIQTI1NiZYLUFtei1DcmVkZW50aWFsPUFLSUEyVUMzQVlRTDdHTElCV01HJTJGMjAyNDAzMDclMkZhcC1zb3V0aGVhc3QtMSUyRnN0cyUyRmF3czRfcmVxdWVzdCZYLUFtei1EYXRlPTIwMjQwMzA3VDA1NTExMVomWC1BbXotRXhwaXJlcz0wJlgtQW16LVNpZ25lZEhlYWRlcnM9aG9zdCUzQngtazhzLWF3cy1pZCZYLUFtei1TaWduYXR1cmU9ODBiNmFkYzZiNDQxNDhlYmZjZDg1ZDM4OGRlZGNjMTIwMGVlMTY0ZmQzMzgwMTYzMmNhOTMyY2ViY2M5ODcwNw"
          },
          "sensitive_attributes": []
        }
      ]
    },
    {
      "mode": "managed",
      "type": "random_string",
      "name": "suffix",
      "provider": "provider[\"registry.terraform.io/hashicorp/random\"]",
      "instances": [
        {
          "schema_version": 2,
          "attributes": {
            "id": "LbjRg",
            "keepers": null,
            "length": 5,
            "lower": true,
            "min_lower": 0,
            "min_numeric": 0,
            "min_special": 0,
            "min_upper": 0,
            "number": true,
            "numeric": true,
            "override_special": null,
            "result": "LbjRg",
            "special": false,
            "upper": true
          },
          "sensitive_attributes": []
        }
      ]
    },
    {
      "module": "module.eks",
      "mode": "managed",
      "type": "aws_eks_cluster",
      "name": "cloudquicklabs",
      "provider": "provider[\"registry.terraform.io/hashicorp/aws\"]",
      "instances": [
        {
          "schema_version": 0,
          "attributes": {
            "access_config": [
              {
                "authentication_mode": "CONFIG_MAP",
                "bootstrap_cluster_creator_admin_permissions": false
              }
            ],
            "arn": "arn:aws:eks:ap-southeast-1:730335331351:cluster/module-eks-LbjRg",
            "certificate_authority": [
              {
                "data": "LS0tLS1CRUdJTiBDRVJUSUZJQ0FURS0tLS0tCk1JSURCVENDQWUyZ0F3SUJBZ0lJUFZqVldCZ2JkMjB3RFFZSktvWklodmNOQVFFTEJRQXdGVEVUTUJFR0ExVUUKQXhNS2EzVmlaWEp1WlhSbGN6QWVGdzB5TkRBek1EY3dOVFF4TkRkYUZ3MHpOREF6TURVd05UUTJORGRhTUJVeApFekFSQmdOVkJBTVRDbXQxWW1WeWJtVjBaWE13Z2dFaU1BMEdDU3FHU0liM0RRRUJBUVVBQTRJQkR3QXdnZ0VLCkFvSUJBUURLV2Izcm9lcStYRFJmbTh5L1ZRRUpvSDJ5d3ZmYVcxR3JibXkzdmN6anhJRG1vTXFHc2didWUyTVcKa3hmZlhsbElXY29aUzlMeE1Ia0RxNXFkZ0VYeWhrSUU2QW91S0YvK3VMZ0R2d0k5cjNpRlh5T0sxQVdvMTMxawo4WVhGVVhyWWQxbWJYdUZHT3dpb29LS1ozQUV3WWZXdHViTmtQcEVLNW1HTVU2eTBMRDAxSkNQQ2JZM1QxaWt2CjZkdTAzTU9Xd1czNEhUVHByaWMwS3F2dWc5NjBCd3h5MlN6VkRJN3Z6L1BhYXVvMW9INDJ4eTVwSXZUR1NwTUUKYWFnQ3lOL21yMUF2ZmpUK3k5U25pTzBYMkwzYmlra3ZEeWhHT3VmbWlZUjV3cFNiWTgwdGR4czlCMGVWQWNnVApKWUdSNnZLZUI0S2pQcnRSQ201TDZBWUxBS1NyQWdNQkFBR2pXVEJYTUE0R0ExVWREd0VCL3dRRUF3SUNwREFQCkJnTlZIUk1CQWY4RUJUQURBUUgvTUIwR0ExVWREZ1FXQkJTZVE1aDRzcXZqSDZlMlEwcW8zVUoxa1lCbm96QVYKQmdOVkhSRUVEakFNZ2dwcmRXSmxjbTVsZEdWek1BMEdDU3FHU0liM0RRRUJDd1VBQTRJQkFRQzJVb2xHKzdSZgpiUTlnN3VVT0hDNEd4NWxOOExKOVhValFXSFJlbklJR2FkK2N0L01PU2F0YklkNDFIZWY0RllvMmlaZzdROXpzCjFOY1ZaWFgyOVJRejJOT0lsbzYvYU1pMFdKd2JLTFF4K0ZmU1hWM1k1WU5DbXMybE1EVEFtREtMcWhnM3pCTTIKbHN2bTFTa204dURiTEZYM2hJdDlkVW56UVZtQTR2N0hubVBhWk9NL25wNjRxQjhDbjBEZ2ZuK2REc2VhRnY2TAp1c3pTdG9tT3VrMnZpWEROYytyNk8wQ1lTWDl4WVBSV25Fam5uaEthVEI2SmxCZVFaWWcwR3FYRFcwZ2FDNFlBCmVrOTlLZElkZ0x6ZUdnelZUSUl2WUo5WHJxTVpqbS9BMi9odWlxb3hPYmt2SDVSTU5XSUVHYVEvWForeXI2NzcKU0d4b0F3a3ROSXlHCi0tLS0tRU5EIENFUlRJRklDQVRFLS0tLS0K"
              }
            ],
            "cluster_id": null,
            "created_at": "2024-03-07 05:42:12.592 +0000 UTC",
            "enabled_cluster_log_types": null,
            "encryption_config": [],
            "endpoint": "https://6A55EF833DF1C4F57A30B06088D48F3B.yl4.ap-southeast-1.eks.amazonaws.com",
            "id": "module-eks-LbjRg",
            "identity": [
              {
                "oidc": [
                  {
                    "issuer": "https://oidc.eks.ap-southeast-1.amazonaws.com/id/6A55EF833DF1C4F57A30B06088D48F3B"
                  }
                ]
              }
            ],
            "kubernetes_network_config": [
              {
                "ip_family": "ipv4",
                "service_ipv4_cidr": "172.20.0.0/16",
                "service_ipv6_cidr": ""
              }
            ],
            "name": "module-eks-LbjRg",
            "outpost_config": [],
            "platform_version": "eks.3",
            "role_arn": "arn:aws:iam::730335331351:role/eks-cluster-cloudquicklabs",
            "status": "ACTIVE",
            "tags": null,
            "tags_all": {},
            "timeouts": null,
            "version": "1.29",
            "vpc_config": [
              {
                "cluster_security_group_id": "sg-020c432de01b3a957",
                "endpoint_private_access": false,
                "endpoint_public_access": true,
                "public_access_cidrs": [
                  "0.0.0.0/0"
                ],
                "security_group_ids": [
                  "sg-0554c12bcecc34a60"
                ],
                "subnet_ids": [
                  "subnet-01ca9615125d94696",
                  "subnet-05ba6333ce2d31d74"
                ],
                "vpc_id": "vpc-05835fa5d6e49a4b1"
              }
            ]
          },
          "sensitive_attributes": [],
          "private": "eyJlMmJmYjczMC1lY2FhLTExZTYtOGY4OC0zNDM2M2JjN2M0YzAiOnsiY3JlYXRlIjoxODAwMDAwMDAwMDAwLCJkZWxldGUiOjkwMDAwMDAwMDAwMCwidXBkYXRlIjozNjAwMDAwMDAwMDAwfX0=",
          "dependencies": [
            "module.eks.aws_iam_role.cloudquicklabs",
            "module.eks.aws_iam_role_policy_attachment.cloudquicklabs-AmazonEKSClusterPolicy",
            "module.eks.aws_iam_role_policy_attachment.cloudquicklabs-AmazonEKSVPCResourceController",
            "module.eks.aws_security_group.node_group_one",
            "module.vpc.aws_subnet.public_cloudquicklabs_subnet",
            "module.vpc.aws_vpc.cloudquicklabs",
            "module.vpc.data.aws_availability_zones.available",
            "module.vpc.random_shuffle.az_list",
            "random_string.suffix"
          ]
        }
      ]
    },
    {
      "module": "module.eks",
      "mode": "managed",
      "type": "aws_eks_node_group",
      "name": "cloudquicklabs",
      "provider": "provider[\"registry.terraform.io/hashicorp/aws\"]",
      "instances": [
        {
          "schema_version": 0,
          "attributes": {
            "ami_type": "AL2_x86_64",
            "arn": "arn:aws:eks:ap-southeast-1:730335331351:nodegroup/module-eks-LbjRg/cloudquicklabs/a2c70bba-e3c1-6814-2989-cb694410fb91",
            "capacity_type": "ON_DEMAND",
            "cluster_name": "module-eks-LbjRg",
            "disk_size": 20,
            "force_update_version": null,
            "id": "module-eks-LbjRg:cloudquicklabs",
            "instance_types": [
              "t3.small"
            ],
            "labels": null,
            "launch_template": [],
            "node_group_name": "cloudquicklabs",
            "node_group_name_prefix": "",
            "node_role_arn": "arn:aws:iam::730335331351:role/eks-node-group-cloudquicklabs",
            "release_version": "1.29.0-20240227",
            "remote_access": [
              {
                "ec2_ssh_key": "singapore-new",
                "source_security_group_ids": [
                  "sg-0554c12bcecc34a60"
                ]
              }
            ],
            "resources": [
              {
                "autoscaling_groups": [
                  {
                    "name": "eks-cloudquicklabs-a2c70bba-e3c1-6814-2989-cb694410fb91"
                  }
                ],
                "remote_access_security_group_id": "sg-0941ffa3cb214f8fc"
              }
            ],
            "scaling_config": [
              {
                "desired_size": 1,
                "max_size": 1,
                "min_size": 1
              }
            ],
            "status": "ACTIVE",
            "subnet_ids": [
              "subnet-01ca9615125d94696",
              "subnet-05ba6333ce2d31d74"
            ],
            "tags": null,
            "tags_all": {},
            "taint": [],
            "timeouts": null,
            "update_config": [
              {
                "max_unavailable": 1,
                "max_unavailable_percentage": 0
              }
            ],
            "version": "1.29"
          },
          "sensitive_attributes": [],
          "private": "eyJlMmJmYjczMC1lY2FhLTExZTYtOGY4OC0zNDM2M2JjN2M0YzAiOnsiY3JlYXRlIjozNjAwMDAwMDAwMDAwLCJkZWxldGUiOjM2MDAwMDAwMDAwMDAsInVwZGF0ZSI6MzYwMDAwMDAwMDAwMH19",
          "dependencies": [
            "module.eks.aws_eks_cluster.cloudquicklabs",
            "module.eks.aws_iam_role.cloudquicklabs",
            "module.eks.aws_iam_role.cloudquicklabs2",
            "module.eks.aws_iam_role_policy_attachment.cloudquicklabs-AmazonEC2ContainerRegistryReadOnly",
            "module.eks.aws_iam_role_policy_attachment.cloudquicklabs-AmazonEKSClusterPolicy",
            "module.eks.aws_iam_role_policy_attachment.cloudquicklabs-AmazonEKSVPCResourceController",
            "module.eks.aws_iam_role_policy_attachment.cloudquicklabs-AmazonEKSWorkerNodePolicy",
            "module.eks.aws_iam_role_policy_attachment.cloudquicklabs-AmazonEKS_CNI_Policy",
            "module.eks.aws_security_group.node_group_one",
            "module.vpc.aws_subnet.public_cloudquicklabs_subnet",
            "module.vpc.aws_vpc.cloudquicklabs",
            "module.vpc.data.aws_availability_zones.available",
            "module.vpc.random_shuffle.az_list",
            "random_string.suffix"
          ]
        }
      ]
    },
    {
      "module": "module.eks",
      "mode": "managed",
      "type": "aws_iam_role",
      "name": "cloudquicklabs",
      "provider": "provider[\"registry.terraform.io/hashicorp/aws\"]",
      "instances": [
        {
          "schema_version": 0,
          "attributes": {
            "arn": "arn:aws:iam::730335331351:role/eks-cluster-cloudquicklabs",
            "assume_role_policy": "{\"Statement\":[{\"Action\":\"sts:AssumeRole\",\"Effect\":\"Allow\",\"Principal\":{\"Service\":\"eks.amazonaws.com\"}}],\"Version\":\"2012-10-17\"}",
            "create_date": "2024-03-07T05:41:57Z",
            "description": "",
            "force_detach_policies": false,
            "id": "eks-cluster-cloudquicklabs",
            "inline_policy": [],
            "managed_policy_arns": [],
            "max_session_duration": 3600,
            "name": "eks-cluster-cloudquicklabs",
            "name_prefix": "",
            "path": "/",
            "permissions_boundary": "",
            "tags": null,
            "tags_all": {},
            "unique_id": "AROA2UC3AYQL3GONJSW44"
          },
          "sensitive_attributes": [],
          "private": "bnVsbA=="
        }
      ]
    },
    {
      "module": "module.eks",
      "mode": "managed",
      "type": "aws_iam_role",
      "name": "cloudquicklabs2",
      "provider": "provider[\"registry.terraform.io/hashicorp/aws\"]",
      "instances": [
        {
          "schema_version": 0,
          "attributes": {
            "arn": "arn:aws:iam::730335331351:role/eks-node-group-cloudquicklabs",
            "assume_role_policy": "{\"Statement\":[{\"Action\":\"sts:AssumeRole\",\"Effect\":\"Allow\",\"Principal\":{\"Service\":\"ec2.amazonaws.com\"}}],\"Version\":\"2012-10-17\"}",
            "create_date": "2024-03-07T05:41:57Z",
            "description": "",
            "force_detach_policies": false,
            "id": "eks-node-group-cloudquicklabs",
            "inline_policy": [],
            "managed_policy_arns": [],
            "max_session_duration": 3600,
            "name": "eks-node-group-cloudquicklabs",
            "name_prefix": "",
            "path": "/",
            "permissions_boundary": "",
            "tags": null,
            "tags_all": {},
            "unique_id": "AROA2UC3AYQLWREGQMVYI"
          },
          "sensitive_attributes": [],
          "private": "bnVsbA=="
        }
      ]
    },
    {
      "module": "module.eks",
      "mode": "managed",
      "type": "aws_iam_role_policy_attachment",
      "name": "cloudquicklabs-AmazonEC2ContainerRegistryReadOnly",
      "provider": "provider[\"registry.terraform.io/hashicorp/aws\"]",
      "instances": [
        {
          "schema_version": 0,
          "attributes": {
            "id": "eks-node-group-cloudquicklabs-20240307054332773000000003",
            "policy_arn": "arn:aws:iam::aws:policy/AmazonEC2ContainerRegistryReadOnly",
            "role": "eks-node-group-cloudquicklabs"
          },
          "sensitive_attributes": [],
          "private": "bnVsbA==",
          "dependencies": [
            "module.eks.aws_iam_role.cloudquicklabs2"
          ]
        }
      ]
    },
    {
      "module": "module.eks",
      "mode": "managed",
      "type": "aws_iam_role_policy_attachment",
      "name": "cloudquicklabs-AmazonEKSClusterPolicy",
      "provider": "provider[\"registry.terraform.io/hashicorp/aws\"]",
      "instances": [
        {
          "schema_version": 0,
          "attributes": {
            "id": "eks-cluster-cloudquicklabs-20240307054333114400000004",
            "policy_arn": "arn:aws:iam::aws:policy/AmazonEKSClusterPolicy",
            "role": "eks-cluster-cloudquicklabs"
          },
          "sensitive_attributes": [],
          "private": "bnVsbA==",
          "dependencies": [
            "module.eks.aws_iam_role.cloudquicklabs"
          ]
        }
      ]
    },
    {
      "module": "module.eks",
      "mode": "managed",
      "type": "aws_iam_role_policy_attachment",
      "name": "cloudquicklabs-AmazonEKSVPCResourceController",
      "provider": "provider[\"registry.terraform.io/hashicorp/aws\"]",
      "instances": [
        {
          "schema_version": 0,
          "attributes": {
            "id": "eks-cluster-cloudquicklabs-20240307054332762900000002",
            "policy_arn": "arn:aws:iam::aws:policy/AmazonEKSVPCResourceController",
            "role": "eks-cluster-cloudquicklabs"
          },
          "sensitive_attributes": [],
          "private": "bnVsbA==",
          "dependencies": [
            "module.eks.aws_iam_role.cloudquicklabs"
          ]
        }
      ]
    },
    {
      "module": "module.eks",
      "mode": "managed",
      "type": "aws_iam_role_policy_attachment",
      "name": "cloudquicklabs-AmazonEKSWorkerNodePolicy",
      "provider": "provider[\"registry.terraform.io/hashicorp/aws\"]",
      "instances": [
        {
          "schema_version": 0,
          "attributes": {
            "id": "eks-node-group-cloudquicklabs-20240307054333114900000005",
            "policy_arn": "arn:aws:iam::aws:policy/AmazonEKSWorkerNodePolicy",
            "role": "eks-node-group-cloudquicklabs"
          },
          "sensitive_attributes": [],
          "private": "bnVsbA==",
          "dependencies": [
            "module.eks.aws_iam_role.cloudquicklabs2"
          ]
        }
      ]
    },
    {
      "module": "module.eks",
      "mode": "managed",
      "type": "aws_iam_role_policy_attachment",
      "name": "cloudquicklabs-AmazonEKS_CNI_Policy",
      "provider": "provider[\"registry.terraform.io/hashicorp/aws\"]",
      "instances": [
        {
          "schema_version": 0,
          "attributes": {
            "id": "eks-node-group-cloudquicklabs-20240307054333457600000006",
            "policy_arn": "arn:aws:iam::aws:policy/AmazonEKS_CNI_Policy",
            "role": "eks-node-group-cloudquicklabs"
          },
          "sensitive_attributes": [],
          "private": "bnVsbA==",
          "dependencies": [
            "module.eks.aws_iam_role.cloudquicklabs2"
          ]
        }
      ]
    },
    {
      "module": "module.eks",
      "mode": "managed",
      "type": "aws_security_group",
      "name": "node_group_one",
      "provider": "provider[\"registry.terraform.io/hashicorp/aws\"]",
      "instances": [
        {
          "schema_version": 1,
          "attributes": {
            "arn": "arn:aws:ec2:ap-southeast-1:730335331351:security-group/sg-0554c12bcecc34a60",
            "description": "Managed by Terraform",
            "egress": [
              {
                "cidr_blocks": [
                  "0.0.0.0/0"
                ],
                "description": "",
                "from_port": 0,
                "ipv6_cidr_blocks": [],
                "prefix_list_ids": [],
                "protocol": "-1",
                "security_groups": [],
                "self": false,
                "to_port": 0
              }
            ],
            "id": "sg-0554c12bcecc34a60",
            "ingress": [
              {
                "cidr_blocks": [
                  "0.0.0.0/0"
                ],
                "description": "",
                "from_port": 80,
                "ipv6_cidr_blocks": [],
                "prefix_list_ids": [],
                "protocol": "tcp",
                "security_groups": [],
                "self": false,
                "to_port": 80
              }
            ],
            "name": "node_group_one20240307054331842400000001",
            "name_prefix": "node_group_one",
            "owner_id": "730335331351",
            "revoke_rules_on_delete": false,
            "tags": null,
            "tags_all": {},
            "timeouts": null,
            "vpc_id": "vpc-05835fa5d6e49a4b1"
          },
          "sensitive_attributes": [],
          "private": "eyJlMmJmYjczMC1lY2FhLTExZTYtOGY4OC0zNDM2M2JjN2M0YzAiOnsiY3JlYXRlIjo2MDAwMDAwMDAwMDAsImRlbGV0ZSI6OTAwMDAwMDAwMDAwfSwic2NoZW1hX3ZlcnNpb24iOiIxIn0=",
          "dependencies": [
            "module.vpc.aws_vpc.cloudquicklabs"
          ]
        }
      ]
    },
    {
      "module": "module.vpc",
      "mode": "data",
      "type": "aws_availability_zones",
      "name": "available",
      "provider": "provider[\"registry.terraform.io/hashicorp/aws\"]",
      "instances": [
        {
          "schema_version": 0,
          "attributes": {
            "all_availability_zones": null,
            "exclude_names": null,
            "exclude_zone_ids": null,
            "filter": null,
            "group_names": [
              "ap-southeast-1"
            ],
            "id": "ap-southeast-1",
            "names": [
              "ap-southeast-1a",
              "ap-southeast-1b",
              "ap-southeast-1c"
            ],
            "state": null,
            "timeouts": null,
            "zone_ids": [
              "apse1-az2",
              "apse1-az1",
              "apse1-az3"
            ]
          },
          "sensitive_attributes": []
        }
      ]
    },
    {
      "module": "module.vpc",
      "mode": "managed",
      "type": "aws_default_route_table",
      "name": "internal_cloudquicklabs_default",
      "provider": "provider[\"registry.terraform.io/hashicorp/aws\"]",
      "instances": [
        {
          "schema_version": 0,
          "attributes": {
            "arn": "arn:aws:ec2:ap-southeast-1:730335331351:route-table/rtb-0ba179068f7fb4b1c",
            "default_route_table_id": "rtb-0ba179068f7fb4b1c",
            "id": "rtb-0ba179068f7fb4b1c",
            "owner_id": "730335331351",
            "propagating_vgws": null,
            "route": [
              {
                "cidr_block": "0.0.0.0/0",
                "core_network_arn": "",
                "destination_prefix_list_id": "",
                "egress_only_gateway_id": "",
                "gateway_id": "igw-055948ff268c413e1",
                "instance_id": "",
                "ipv6_cidr_block": "",
                "nat_gateway_id": "",
                "network_interface_id": "",
                "transit_gateway_id": "",
                "vpc_endpoint_id": "",
                "vpc_peering_connection_id": ""
              }
            ],
            "tags": {
              "Name": "cloudquicklabs"
            },
            "tags_all": {
              "Name": "cloudquicklabs"
            },
            "timeouts": null,
            "vpc_id": "vpc-05835fa5d6e49a4b1"
          },
          "sensitive_attributes": [],
          "private": "eyJlMmJmYjczMC1lY2FhLTExZTYtOGY4OC0zNDM2M2JjN2M0YzAiOnsiY3JlYXRlIjoxMjAwMDAwMDAwMDAsInVwZGF0ZSI6MTIwMDAwMDAwMDAwfX0=",
          "dependencies": [
            "module.vpc.aws_internet_gateway.cloudquicklabs_gw",
            "module.vpc.aws_vpc.cloudquicklabs"
          ]
        }
      ]
    },
    {
      "module": "module.vpc",
      "mode": "managed",
      "type": "aws_internet_gateway",
      "name": "cloudquicklabs_gw",
      "provider": "provider[\"registry.terraform.io/hashicorp/aws\"]",
      "instances": [
        {
          "schema_version": 0,
          "attributes": {
            "arn": "arn:aws:ec2:ap-southeast-1:730335331351:internet-gateway/igw-055948ff268c413e1",
            "id": "igw-055948ff268c413e1",
            "owner_id": "730335331351",
            "tags": {
              "Name": "cloudquicklabs"
            },
            "tags_all": {
              "Name": "cloudquicklabs"
            },
            "timeouts": null,
            "vpc_id": "vpc-05835fa5d6e49a4b1"
          },
          "sensitive_attributes": [],
          "private": "eyJlMmJmYjczMC1lY2FhLTExZTYtOGY4OC0zNDM2M2JjN2M0YzAiOnsiY3JlYXRlIjoxMjAwMDAwMDAwMDAwLCJkZWxldGUiOjEyMDAwMDAwMDAwMDAsInVwZGF0ZSI6MTIwMDAwMDAwMDAwMH19",
          "dependencies": [
            "module.vpc.aws_vpc.cloudquicklabs"
          ]
        }
      ]
    },
    {
      "module": "module.vpc",
      "mode": "managed",
      "type": "aws_route_table_association",
      "name": "default",
      "provider": "provider[\"registry.terraform.io/hashicorp/aws\"]",
      "instances": [
        {
          "index_key": 0,
          "schema_version": 0,
          "attributes": {
            "gateway_id": "",
            "id": "rtbassoc-0c16d89bb8e21e3b5",
            "route_table_id": "rtb-0ba179068f7fb4b1c",
            "subnet_id": "subnet-01ca9615125d94696",
            "timeouts": null
          },
          "sensitive_attributes": [],
          "private": "eyJlMmJmYjczMC1lY2FhLTExZTYtOGY4OC0zNDM2M2JjN2M0YzAiOnsiY3JlYXRlIjozMDAwMDAwMDAwMDAsImRlbGV0ZSI6MzAwMDAwMDAwMDAwLCJ1cGRhdGUiOjEyMDAwMDAwMDAwMH19",
          "dependencies": [
            "module.vpc.aws_default_route_table.internal_cloudquicklabs_default",
            "module.vpc.aws_internet_gateway.cloudquicklabs_gw",
            "module.vpc.aws_subnet.public_cloudquicklabs_subnet",
            "module.vpc.aws_vpc.cloudquicklabs",
            "module.vpc.data.aws_availability_zones.available",
            "module.vpc.random_shuffle.az_list"
          ]
        },
        {
          "index_key": 1,
          "schema_version": 0,
          "attributes": {
            "gateway_id": "",
            "id": "rtbassoc-035cca3e060464a60",
            "route_table_id": "rtb-0ba179068f7fb4b1c",
            "subnet_id": "subnet-05ba6333ce2d31d74",
            "timeouts": null
          },
          "sensitive_attributes": [],
          "private": "eyJlMmJmYjczMC1lY2FhLTExZTYtOGY4OC0zNDM2M2JjN2M0YzAiOnsiY3JlYXRlIjozMDAwMDAwMDAwMDAsImRlbGV0ZSI6MzAwMDAwMDAwMDAwLCJ1cGRhdGUiOjEyMDAwMDAwMDAwMH19",
          "dependencies": [
            "module.vpc.aws_default_route_table.internal_cloudquicklabs_default",
            "module.vpc.aws_internet_gateway.cloudquicklabs_gw",
            "module.vpc.aws_subnet.public_cloudquicklabs_subnet",
            "module.vpc.aws_vpc.cloudquicklabs",
            "module.vpc.data.aws_availability_zones.available",
            "module.vpc.random_shuffle.az_list"
          ]
        }
      ]
    },
    {
      "module": "module.vpc",
      "mode": "managed",
      "type": "aws_subnet",
      "name": "public_cloudquicklabs_subnet",
      "provider": "provider[\"registry.terraform.io/hashicorp/aws\"]",
      "instances": [
        {
          "index_key": 0,
          "schema_version": 1,
          "attributes": {
            "arn": "arn:aws:ec2:ap-southeast-1:730335331351:subnet/subnet-01ca9615125d94696",
            "assign_ipv6_address_on_creation": false,
            "availability_zone": "ap-southeast-1c",
            "availability_zone_id": "apse1-az3",
            "cidr_block": "10.0.1.0/24",
            "customer_owned_ipv4_pool": "",
            "enable_dns64": false,
            "enable_lni_at_device_index": 0,
            "enable_resource_name_dns_a_record_on_launch": false,
            "enable_resource_name_dns_aaaa_record_on_launch": false,
            "id": "subnet-01ca9615125d94696",
            "ipv6_cidr_block": "",
            "ipv6_cidr_block_association_id": "",
            "ipv6_native": false,
            "map_customer_owned_ip_on_launch": false,
            "map_public_ip_on_launch": true,
            "outpost_arn": "",
            "owner_id": "730335331351",
            "private_dns_hostname_type_on_launch": "ip-name",
            "tags": {
              "Name": "cloudquicklabs"
            },
            "tags_all": {
              "Name": "cloudquicklabs"
            },
            "timeouts": null,
            "vpc_id": "vpc-05835fa5d6e49a4b1"
          },
          "sensitive_attributes": [],
          "private": "eyJlMmJmYjczMC1lY2FhLTExZTYtOGY4OC0zNDM2M2JjN2M0YzAiOnsiY3JlYXRlIjo2MDAwMDAwMDAwMDAsImRlbGV0ZSI6MTIwMDAwMDAwMDAwMH0sInNjaGVtYV92ZXJzaW9uIjoiMSJ9",
          "dependencies": [
            "module.vpc.aws_vpc.cloudquicklabs",
            "module.vpc.data.aws_availability_zones.available",
            "module.vpc.random_shuffle.az_list"
          ]
        },
        {
          "index_key": 1,
          "schema_version": 1,
          "attributes": {
            "arn": "arn:aws:ec2:ap-southeast-1:730335331351:subnet/subnet-05ba6333ce2d31d74",
            "assign_ipv6_address_on_creation": false,
            "availability_zone": "ap-southeast-1a",
            "availability_zone_id": "apse1-az2",
            "cidr_block": "10.0.2.0/24",
            "customer_owned_ipv4_pool": "",
            "enable_dns64": false,
            "enable_lni_at_device_index": 0,
            "enable_resource_name_dns_a_record_on_launch": false,
            "enable_resource_name_dns_aaaa_record_on_launch": false,
            "id": "subnet-05ba6333ce2d31d74",
            "ipv6_cidr_block": "",
            "ipv6_cidr_block_association_id": "",
            "ipv6_native": false,
            "map_customer_owned_ip_on_launch": false,
            "map_public_ip_on_launch": true,
            "outpost_arn": "",
            "owner_id": "730335331351",
            "private_dns_hostname_type_on_launch": "ip-name",
            "tags": {
              "Name": "cloudquicklabs"
            },
            "tags_all": {
              "Name": "cloudquicklabs"
            },
            "timeouts": null,
            "vpc_id": "vpc-05835fa5d6e49a4b1"
          },
          "sensitive_attributes": [],
          "private": "eyJlMmJmYjczMC1lY2FhLTExZTYtOGY4OC0zNDM2M2JjN2M0YzAiOnsiY3JlYXRlIjo2MDAwMDAwMDAwMDAsImRlbGV0ZSI6MTIwMDAwMDAwMDAwMH0sInNjaGVtYV92ZXJzaW9uIjoiMSJ9",
          "dependencies": [
            "module.vpc.aws_vpc.cloudquicklabs",
            "module.vpc.data.aws_availability_zones.available",
            "module.vpc.random_shuffle.az_list"
          ]
        }
      ]
    },
    {
      "module": "module.vpc",
      "mode": "managed",
      "type": "aws_vpc",
      "name": "cloudquicklabs",
      "provider": "provider[\"registry.terraform.io/hashicorp/aws\"]",
      "instances": [
        {
          "schema_version": 1,
          "attributes": {
            "arn": "arn:aws:ec2:ap-southeast-1:730335331351:vpc/vpc-05835fa5d6e49a4b1",
            "assign_generated_ipv6_cidr_block": false,
            "cidr_block": "10.0.0.0/16",
            "default_network_acl_id": "acl-07d073c57b9295be2",
            "default_route_table_id": "rtb-0ba179068f7fb4b1c",
            "default_security_group_id": "sg-0e8bfcba317cb11ab",
            "dhcp_options_id": "dopt-00601eb6fc4ebc77b",
            "enable_dns_hostnames": false,
            "enable_dns_support": true,
            "enable_network_address_usage_metrics": false,
            "id": "vpc-05835fa5d6e49a4b1",
            "instance_tenancy": "default",
            "ipv4_ipam_pool_id": null,
            "ipv4_netmask_length": null,
            "ipv6_association_id": "",
            "ipv6_cidr_block": "",
            "ipv6_cidr_block_network_border_group": "",
            "ipv6_ipam_pool_id": "",
            "ipv6_netmask_length": 0,
            "main_route_table_id": "rtb-0ba179068f7fb4b1c",
            "owner_id": "730335331351",
            "tags": {
              "Name": "cloudquicklabs"
            },
            "tags_all": {
              "Name": "cloudquicklabs"
            }
          },
          "sensitive_attributes": [],
          "private": "eyJzY2hlbWFfdmVyc2lvbiI6IjEifQ=="
        }
      ]
    },
    {
      "module": "module.vpc",
      "mode": "managed",
      "type": "random_shuffle",
      "name": "az_list",
      "provider": "provider[\"registry.terraform.io/hashicorp/random\"]",
      "instances": [
        {
          "schema_version": 0,
          "attributes": {
            "id": "-",
            "input": [
              "ap-southeast-1a",
              "ap-southeast-1b",
              "ap-southeast-1c"
            ],
            "keepers": null,
            "result": [
              "ap-southeast-1c",
              "ap-southeast-1a"
            ],
            "result_count": 2,
            "seed": null
          },
          "sensitive_attributes": [],
          "dependencies": [
            "module.vpc.data.aws_availability_zones.available"
          ]
        }
      ]
    }
  ],
  "check_results": null
}
